
Microsoft Visual Studio Solution File, Format Version 12.00
# Visual Studio Version 16
VisualStudioVersion = 16.0.32106.194
MinimumVisualStudioVersion = 10.0.40219.1
Project("{FAE04EC0-301F-11D3-BF4B-00C04F79EFBC}") = "CAFEMENUPROJECT", "CAFEMENUPROJECT\CAFEMENUPROJECT.csproj", "{6113E385-1B65-4546-9D7B-37A80D542437}"
EndProject
Project("{FAE04EC0-301F-11D3-BF4B-00C04F79EFBC}") = "CAFEMENUPROJECT.DATA", "CAFEMENUPROJECT.DATA\CAFEMENUPROJECT.DATA.csproj", "{331E5EDC-EFD7-4050-9401-9E7EC5F02C38}"
EndProject
Global
	GlobalSection(SolutionConfigurationPlatforms) = preSolution
		Debug|Any CPU = Debug|Any CPU
		Release|Any CPU = Release|Any CPU
	EndGlobalSection
	GlobalSection(ProjectConfigurationPlatforms) = postSolution
		{6113E385-1B65-4546-9D7B-37A80D542437}.Debug|Any CPU.ActiveCfg = Debug|Any CPU
		{6113E385-1B65-4546-9D7B-37A80D542437}.Debug|Any CPU.Build.0 = Debug|Any CPU
		{6113E385-1B65-4546-9D7B-37A80D542437}.Release|Any CPU.ActiveCfg = Release|Any CPU
		{6113E385-1B65-4546-9D7B-37A80D542437}.Release|Any CPU.Build.0 = Release|Any CPU
		{331E5EDC-EFD7-4050-9401-9E7EC5F02C38}.Debug|Any CPU.ActiveCfg = Debug|Any CPU
		{331E5EDC-EFD7-4050-9401-9E7EC5F02C38}.Debug|Any CPU.Build.0 = Debug|Any CPU
		{331E5EDC-EFD7-4050-9401-9E7EC5F02C38}.Release|Any CPU.ActiveCfg = Release|Any CPU
		{331E5EDC-EFD7-4050-9401-9E7EC5F02C38}.Release|Any CPU.Build.0 = Release|Any CPU
	EndGlobalSection
	GlobalSection(SolutionProperties) = preSolution
		HideSolutionNode = FALSE
	EndGlobalSection
	GlobalSection(ExtensibilityGlobals) = postSolution
		SolutionGuid = {D652A6C8-0ADD-4A34-B994-22EF1A5F331D}
	EndGlobalSection
EndGlobal
